
Microsoft Visual Studio Solution File, Format Version 12.00
# Visual Studio Version 16
VisualStudioVersion = 16.0.33801.447
MinimumVisualStudioVersion = 10.0.40219.1
Project("{FAE04EC0-301F-11D3-BF4B-00C04F79EFBC}") = "BRBKApp.Android", "BRBKApp.Android\BRBKApp.Android.csproj", "{80E0463A-6D16-40F3-B5CF-4FD282676D42}"
EndProject
Project("{FAE04EC0-301F-11D3-BF4B-00C04F79EFBC}") = "BRBKApp.iOS", "BRBKApp.iOS\BRBKApp.iOS.csproj", "{6087EC9B-853C-4306-A216-12F97286B992}"
EndProject
Project("{9A19103F-16F7-4668-BE54-9A1E7A4F7556}") = "BRBKApp", "BRBKApp\BRBKApp.csproj", "{A8658C05-CCEE-4F7E-A29C-954497DF22CA}"
EndProject
Project("{FAE04EC0-301F-11D3-BF4B-00C04F79EFBC}") = "ApiModels", "ApiModels\ApiModels.csproj", "{1FADC9F3-F6E7-4162-8ECD-5597DC9145D1}"
EndProject
Project("{FAE04EC0-301F-11D3-BF4B-00C04F79EFBC}") = "ApiDatos", "ApiDatos\ApiDatos.csproj", "{54A60050-EC05-4DF1-8010-96E921EE348C}"
EndProject
Project("{FAE04EC0-301F-11D3-BF4B-00C04F79EFBC}") = "ViewModel", "ViewModel\ViewModel.csproj", "{EE320530-0153-4D14-B548-6CDB63E419CA}"
EndProject
Project("{FAE04EC0-301F-11D3-BF4B-00C04F79EFBC}") = "BRBKWebApi", "BRBKWebApi\BRBKWebApi.csproj", "{DD948DB4-AE78-4DF4-890B-1BE03E962A1E}"
EndProject
Project("{FAE04EC0-301F-11D3-BF4B-00C04F79EFBC}") = "SqlConexion", "SqlConexion\SqlConexion.csproj", "{72E7C9D6-11E9-4BCA-A214-5D06B1B880FD}"
EndProject
Project("{FAE04EC0-301F-11D3-BF4B-00C04F79EFBC}") = "BRBKWebApiData", "BRBKWebApiData\BRBKWebApiData.csproj", "{585B94D5-21F8-497E-9BBC-F5A78DF82E9C}"
EndProject
Project("{2150E333-8FDC-42A3-9474-1A3956D46DE8}") = "N4", "N4", "{DA03E1C7-D0CF-493E-92D3-DEEE62EBD00B}"
EndProject
Project("{FAE04EC0-301F-11D3-BF4B-00C04F79EFBC}") = "AccesoDatos", "AccesoDatos\AccesoDatos.csproj", "{69B1835F-3AF8-4063-A784-80C69670307A}"
EndProject
Project("{FAE04EC0-301F-11D3-BF4B-00C04F79EFBC}") = "N4Ws", "N4Ws\N4Ws.csproj", "{51E68BB1-AEC3-4FE3-BD81-D575206AF2A8}"
EndProject
Project("{FAE04EC0-301F-11D3-BF4B-00C04F79EFBC}") = "Configuraciones", "Configuraciones\Configuraciones.csproj", "{4D0A2B47-A4CD-4CDE-BF7B-767FEF8339E3}"
EndProject
Global
	GlobalSection(SolutionConfigurationPlatforms) = preSolution
		Debug|Any CPU = Debug|Any CPU
		Debug|iPhone = Debug|iPhone
		Debug|iPhoneSimulator = Debug|iPhoneSimulator
		Release|Any CPU = Release|Any CPU
		Release|iPhone = Release|iPhone
		Release|iPhoneSimulator = Release|iPhoneSimulator
	EndGlobalSection
	GlobalSection(ProjectConfigurationPlatforms) = postSolution
		{80E0463A-6D16-40F3-B5CF-4FD282676D42}.Debug|Any CPU.ActiveCfg = Debug|Any CPU
		{80E0463A-6D16-40F3-B5CF-4FD282676D42}.Debug|Any CPU.Build.0 = Debug|Any CPU
		{80E0463A-6D16-40F3-B5CF-4FD282676D42}.Debug|Any CPU.Deploy.0 = Debug|Any CPU
		{80E0463A-6D16-40F3-B5CF-4FD282676D42}.Debug|iPhone.ActiveCfg = Debug|Any CPU
		{80E0463A-6D16-40F3-B5CF-4FD282676D42}.Debug|iPhone.Build.0 = Debug|Any CPU
		{80E0463A-6D16-40F3-B5CF-4FD282676D42}.Debug|iPhone.Deploy.0 = Debug|Any CPU
		{80E0463A-6D16-40F3-B5CF-4FD282676D42}.Debug|iPhoneSimulator.ActiveCfg = Debug|Any CPU
		{80E0463A-6D16-40F3-B5CF-4FD282676D42}.Debug|iPhoneSimulator.Build.0 = Debug|Any CPU
		{80E0463A-6D16-40F3-B5CF-4FD282676D42}.Debug|iPhoneSimulator.Deploy.0 = Debug|Any CPU
		{80E0463A-6D16-40F3-B5CF-4FD282676D42}.Release|Any CPU.ActiveCfg = Release|Any CPU
		{80E0463A-6D16-40F3-B5CF-4FD282676D42}.Release|Any CPU.Build.0 = Release|Any CPU
		{80E0463A-6D16-40F3-B5CF-4FD282676D42}.Release|Any CPU.Deploy.0 = Release|Any CPU
		{80E0463A-6D16-40F3-B5CF-4FD282676D42}.Release|iPhone.ActiveCfg = Release|Any CPU
		{80E0463A-6D16-40F3-B5CF-4FD282676D42}.Release|iPhone.Build.0 = Release|Any CPU
		{80E0463A-6D16-40F3-B5CF-4FD282676D42}.Release|iPhone.Deploy.0 = Release|Any CPU
		{80E0463A-6D16-40F3-B5CF-4FD282676D42}.Release|iPhoneSimulator.ActiveCfg = Release|Any CPU
		{80E0463A-6D16-40F3-B5CF-4FD282676D42}.Release|iPhoneSimulator.Build.0 = Release|Any CPU
		{80E0463A-6D16-40F3-B5CF-4FD282676D42}.Release|iPhoneSimulator.Deploy.0 = Release|Any CPU
		{6087EC9B-853C-4306-A216-12F97286B992}.Debug|Any CPU.ActiveCfg = Debug|iPhone
		{6087EC9B-853C-4306-A216-12F97286B992}.Debug|Any CPU.Build.0 = Debug|iPhone
		{6087EC9B-853C-4306-A216-12F97286B992}.Debug|Any CPU.Deploy.0 = Debug|iPhone
		{6087EC9B-853C-4306-A216-12F97286B992}.Debug|iPhone.ActiveCfg = Debug|iPhone
		{6087EC9B-853C-4306-A216-12F97286B992}.Debug|iPhone.Build.0 = Debug|iPhone
		{6087EC9B-853C-4306-A216-12F97286B992}.Debug|iPhone.Deploy.0 = Debug|iPhone
		{6087EC9B-853C-4306-A216-12F97286B992}.Debug|iPhoneSimulator.ActiveCfg = Debug|iPhoneSimulator
		{6087EC9B-853C-4306-A216-12F97286B992}.Debug|iPhoneSimulator.Build.0 = Debug|iPhoneSimulator
		{6087EC9B-853C-4306-A216-12F97286B992}.Debug|iPhoneSimulator.Deploy.0 = Debug|iPhoneSimulator
		{6087EC9B-853C-4306-A216-12F97286B992}.Release|Any CPU.ActiveCfg = Release|iPhoneSimulator
		{6087EC9B-853C-4306-A216-12F97286B992}.Release|Any CPU.Build.0 = Release|iPhoneSimulator
		{6087EC9B-853C-4306-A216-12F97286B992}.Release|Any CPU.Deploy.0 = Release|iPhoneSimulator
		{6087EC9B-853C-4306-A216-12F97286B992}.Release|iPhone.ActiveCfg = Release|iPhone
		{6087EC9B-853C-4306-A216-12F97286B992}.Release|iPhone.Build.0 = Release|iPhone
		{6087EC9B-853C-4306-A216-12F97286B992}.Release|iPhone.Deploy.0 = Release|iPhone
		{6087EC9B-853C-4306-A216-12F97286B992}.Release|iPhoneSimulator.ActiveCfg = Release|iPhoneSimulator
		{6087EC9B-853C-4306-A216-12F97286B992}.Release|iPhoneSimulator.Build.0 = Release|iPhoneSimulator
		{6087EC9B-853C-4306-A216-12F97286B992}.Release|iPhoneSimulator.Deploy.0 = Release|iPhoneSimulator
		{A8658C05-CCEE-4F7E-A29C-954497DF22CA}.Debug|Any CPU.ActiveCfg = Debug|Any CPU
		{A8658C05-CCEE-4F7E-A29C-954497DF22CA}.Debug|Any CPU.Build.0 = Debug|Any CPU
		{A8658C05-CCEE-4F7E-A29C-954497DF22CA}.Debug|Any CPU.Deploy.0 = Debug|Any CPU
		{A8658C05-CCEE-4F7E-A29C-954497DF22CA}.Debug|iPhone.ActiveCfg = Debug|Any CPU
		{A8658C05-CCEE-4F7E-A29C-954497DF22CA}.Debug|iPhone.Build.0 = Debug|Any CPU
		{A8658C05-CCEE-4F7E-A29C-954497DF22CA}.Debug|iPhone.Deploy.0 = Debug|Any CPU
		{A8658C05-CCEE-4F7E-A29C-954497DF22CA}.Debug|iPhoneSimulator.ActiveCfg = Debug|Any CPU
		{A8658C05-CCEE-4F7E-A29C-954497DF22CA}.Debug|iPhoneSimulator.Build.0 = Debug|Any CPU
		{A8658C05-CCEE-4F7E-A29C-954497DF22CA}.Debug|iPhoneSimulator.Deploy.0 = Debug|Any CPU
		{A8658C05-CCEE-4F7E-A29C-954497DF22CA}.Release|Any CPU.ActiveCfg = Release|Any CPU
		{A8658C05-CCEE-4F7E-A29C-954497DF22CA}.Release|Any CPU.Build.0 = Release|Any CPU
		{A8658C05-CCEE-4F7E-A29C-954497DF22CA}.Release|Any CPU.Deploy.0 = Release|Any CPU
		{A8658C05-CCEE-4F7E-A29C-954497DF22CA}.Release|iPhone.ActiveCfg = Release|Any CPU
		{A8658C05-CCEE-4F7E-A29C-954497DF22CA}.Release|iPhone.Build.0 = Release|Any CPU
		{A8658C05-CCEE-4F7E-A29C-954497DF22CA}.Release|iPhone.Deploy.0 = Release|Any CPU
		{A8658C05-CCEE-4F7E-A29C-954497DF22CA}.Release|iPhoneSimulator.ActiveCfg = Release|Any CPU
		{A8658C05-CCEE-4F7E-A29C-954497DF22CA}.Release|iPhoneSimulator.Build.0 = Release|Any CPU
		{A8658C05-CCEE-4F7E-A29C-954497DF22CA}.Release|iPhoneSimulator.Deploy.0 = Release|Any CPU
		{1FADC9F3-F6E7-4162-8ECD-5597DC9145D1}.Debug|Any CPU.ActiveCfg = Debug|Any CPU
		{1FADC9F3-F6E7-4162-8ECD-5597DC9145D1}.Debug|Any CPU.Build.0 = Debug|Any CPU
		{1FADC9F3-F6E7-4162-8ECD-5597DC9145D1}.Debug|iPhone.ActiveCfg = Debug|Any CPU
		{1FADC9F3-F6E7-4162-8ECD-5597DC9145D1}.Debug|iPhone.Build.0 = Debug|Any CPU
		{1FADC9F3-F6E7-4162-8ECD-5597DC9145D1}.Debug|iPhoneSimulator.ActiveCfg = Debug|Any CPU
		{1FADC9F3-F6E7-4162-8ECD-5597DC9145D1}.Debug|iPhoneSimulator.Build.0 = Debug|Any CPU
		{1FADC9F3-F6E7-4162-8ECD-5597DC9145D1}.Release|Any CPU.ActiveCfg = Release|Any CPU
		{1FADC9F3-F6E7-4162-8ECD-5597DC9145D1}.Release|Any CPU.Build.0 = Release|Any CPU
		{1FADC9F3-F6E7-4162-8ECD-5597DC9145D1}.Release|iPhone.ActiveCfg = Release|Any CPU
		{1FADC9F3-F6E7-4162-8ECD-5597DC9145D1}.Release|iPhone.Build.0 = Release|Any CPU
		{1FADC9F3-F6E7-4162-8ECD-5597DC9145D1}.Release|iPhoneSimulator.ActiveCfg = Release|Any CPU
		{1FADC9F3-F6E7-4162-8ECD-5597DC9145D1}.Release|iPhoneSimulator.Build.0 = Release|Any CPU
		{54A60050-EC05-4DF1-8010-96E921EE348C}.Debug|Any CPU.ActiveCfg = Debug|Any CPU
		{54A60050-EC05-4DF1-8010-96E921EE348C}.Debug|Any CPU.Build.0 = Debug|Any CPU
		{54A60050-EC05-4DF1-8010-96E921EE348C}.Debug|iPhone.ActiveCfg = Debug|Any CPU
		{54A60050-EC05-4DF1-8010-96E921EE348C}.Debug|iPhone.Build.0 = Debug|Any CPU
		{54A60050-EC05-4DF1-8010-96E921EE348C}.Debug|iPhoneSimulator.ActiveCfg = Debug|Any CPU
		{54A60050-EC05-4DF1-8010-96E921EE348C}.Debug|iPhoneSimulator.Build.0 = Debug|Any CPU
		{54A60050-EC05-4DF1-8010-96E921EE348C}.Release|Any CPU.ActiveCfg = Release|Any CPU
		{54A60050-EC05-4DF1-8010-96E921EE348C}.Release|Any CPU.Build.0 = Release|Any CPU
		{54A60050-EC05-4DF1-8010-96E921EE348C}.Release|iPhone.ActiveCfg = Release|Any CPU
		{54A60050-EC05-4DF1-8010-96E921EE348C}.Release|iPhone.Build.0 = Release|Any CPU
		{54A60050-EC05-4DF1-8010-96E921EE348C}.Release|iPhoneSimulator.ActiveCfg = Release|Any CPU
		{54A60050-EC05-4DF1-8010-96E921EE348C}.Release|iPhoneSimulator.Build.0 = Release|Any CPU
		{EE320530-0153-4D14-B548-6CDB63E419CA}.Debug|Any CPU.ActiveCfg = Debug|Any CPU
		{EE320530-0153-4D14-B548-6CDB63E419CA}.Debug|Any CPU.Build.0 = Debug|Any CPU
		{EE320530-0153-4D14-B548-6CDB63E419CA}.Debug|iPhone.ActiveCfg = Debug|Any CPU
		{EE320530-0153-4D14-B548-6CDB63E419CA}.Debug|iPhone.Build.0 = Debug|Any CPU
		{EE320530-0153-4D14-B548-6CDB63E419CA}.Debug|iPhoneSimulator.ActiveCfg = Debug|Any CPU
		{EE320530-0153-4D14-B548-6CDB63E419CA}.Debug|iPhoneSimulator.Build.0 = Debug|Any CPU
		{EE320530-0153-4D14-B548-6CDB63E419CA}.Release|Any CPU.ActiveCfg = Release|Any CPU
		{EE320530-0153-4D14-B548-6CDB63E419CA}.Release|Any CPU.Build.0 = Release|Any CPU
		{EE320530-0153-4D14-B548-6CDB63E419CA}.Release|iPhone.ActiveCfg = Release|Any CPU
		{EE320530-0153-4D14-B548-6CDB63E419CA}.Release|iPhone.Build.0 = Release|Any CPU
		{EE320530-0153-4D14-B548-6CDB63E419CA}.Release|iPhoneSimulator.ActiveCfg = Release|Any CPU
		{EE320530-0153-4D14-B548-6CDB63E419CA}.Release|iPhoneSimulator.Build.0 = Release|Any CPU
		{DD948DB4-AE78-4DF4-890B-1BE03E962A1E}.Debug|Any CPU.ActiveCfg = Debug|Any CPU
		{DD948DB4-AE78-4DF4-890B-1BE03E962A1E}.Debug|Any CPU.Build.0 = Debug|Any CPU
		{DD948DB4-AE78-4DF4-890B-1BE03E962A1E}.Debug|iPhone.ActiveCfg = Debug|Any CPU
		{DD948DB4-AE78-4DF4-890B-1BE03E962A1E}.Debug|iPhone.Build.0 = Debug|Any CPU
		{DD948DB4-AE78-4DF4-890B-1BE03E962A1E}.Debug|iPhoneSimulator.ActiveCfg = Debug|Any CPU
		{DD948DB4-AE78-4DF4-890B-1BE03E962A1E}.Debug|iPhoneSimulator.Build.0 = Debug|Any CPU
		{DD948DB4-AE78-4DF4-890B-1BE03E962A1E}.Release|Any CPU.ActiveCfg = Release|Any CPU
		{DD948DB4-AE78-4DF4-890B-1BE03E962A1E}.Release|Any CPU.Build.0 = Release|Any CPU
		{DD948DB4-AE78-4DF4-890B-1BE03E962A1E}.Release|iPhone.ActiveCfg = Release|Any CPU
		{DD948DB4-AE78-4DF4-890B-1BE03E962A1E}.Release|iPhone.Build.0 = Release|Any CPU
		{DD948DB4-AE78-4DF4-890B-1BE03E962A1E}.Release|iPhoneSimulator.ActiveCfg = Release|Any CPU
		{DD948DB4-AE78-4DF4-890B-1BE03E962A1E}.Release|iPhoneSimulator.Build.0 = Release|Any CPU
		{72E7C9D6-11E9-4BCA-A214-5D06B1B880FD}.Debug|Any CPU.ActiveCfg = Debug|Any CPU
		{72E7C9D6-11E9-4BCA-A214-5D06B1B880FD}.Debug|Any CPU.Build.0 = Debug|Any CPU
		{72E7C9D6-11E9-4BCA-A214-5D06B1B880FD}.Debug|iPhone.ActiveCfg = Debug|Any CPU
		{72E7C9D6-11E9-4BCA-A214-5D06B1B880FD}.Debug|iPhone.Build.0 = Debug|Any CPU
		{72E7C9D6-11E9-4BCA-A214-5D06B1B880FD}.Debug|iPhoneSimulator.ActiveCfg = Debug|Any CPU
		{72E7C9D6-11E9-4BCA-A214-5D06B1B880FD}.Debug|iPhoneSimulator.Build.0 = Debug|Any CPU
		{72E7C9D6-11E9-4BCA-A214-5D06B1B880FD}.Release|Any CPU.ActiveCfg = Release|Any CPU
		{72E7C9D6-11E9-4BCA-A214-5D06B1B880FD}.Release|Any CPU.Build.0 = Release|Any CPU
		{72E7C9D6-11E9-4BCA-A214-5D06B1B880FD}.Release|iPhone.ActiveCfg = Release|Any CPU
		{72E7C9D6-11E9-4BCA-A214-5D06B1B880FD}.Release|iPhone.Build.0 = Release|Any CPU
		{72E7C9D6-11E9-4BCA-A214-5D06B1B880FD}.Release|iPhoneSimulator.ActiveCfg = Release|Any CPU
		{72E7C9D6-11E9-4BCA-A214-5D06B1B880FD}.Release|iPhoneSimulator.Build.0 = Release|Any CPU
		{585B94D5-21F8-497E-9BBC-F5A78DF82E9C}.Debug|Any CPU.ActiveCfg = Debug|Any CPU
		{585B94D5-21F8-497E-9BBC-F5A78DF82E9C}.Debug|Any CPU.Build.0 = Debug|Any CPU
		{585B94D5-21F8-497E-9BBC-F5A78DF82E9C}.Debug|iPhone.ActiveCfg = Debug|Any CPU
		{585B94D5-21F8-497E-9BBC-F5A78DF82E9C}.Debug|iPhone.Build.0 = Debug|Any CPU
		{585B94D5-21F8-497E-9BBC-F5A78DF82E9C}.Debug|iPhoneSimulator.ActiveCfg = Debug|Any CPU
		{585B94D5-21F8-497E-9BBC-F5A78DF82E9C}.Debug|iPhoneSimulator.Build.0 = Debug|Any CPU
		{585B94D5-21F8-497E-9BBC-F5A78DF82E9C}.Release|Any CPU.ActiveCfg = Release|Any CPU
		{585B94D5-21F8-497E-9BBC-F5A78DF82E9C}.Release|Any CPU.Build.0 = Release|Any CPU
		{585B94D5-21F8-497E-9BBC-F5A78DF82E9C}.Release|iPhone.ActiveCfg = Release|Any CPU
		{585B94D5-21F8-497E-9BBC-F5A78DF82E9C}.Release|iPhone.Build.0 = Release|Any CPU
		{585B94D5-21F8-497E-9BBC-F5A78DF82E9C}.Release|iPhoneSimulator.ActiveCfg = Release|Any CPU
		{585B94D5-21F8-497E-9BBC-F5A78DF82E9C}.Release|iPhoneSimulator.Build.0 = Release|Any CPU
		{69B1835F-3AF8-4063-A784-80C69670307A}.Debug|Any CPU.ActiveCfg = Debug|Any CPU
		{69B1835F-3AF8-4063-A784-80C69670307A}.Debug|Any CPU.Build.0 = Debug|Any CPU
		{69B1835F-3AF8-4063-A784-80C69670307A}.Debug|iPhone.ActiveCfg = Debug|Any CPU
		{69B1835F-3AF8-4063-A784-80C69670307A}.Debug|iPhone.Build.0 = Debug|Any CPU
		{69B1835F-3AF8-4063-A784-80C69670307A}.Debug|iPhoneSimulator.ActiveCfg = Debug|Any CPU
		{69B1835F-3AF8-4063-A784-80C69670307A}.Debug|iPhoneSimulator.Build.0 = Debug|Any CPU
		{69B1835F-3AF8-4063-A784-80C69670307A}.Release|Any CPU.ActiveCfg = Release|Any CPU
		{69B1835F-3AF8-4063-A784-80C69670307A}.Release|Any CPU.Build.0 = Release|Any CPU
		{69B1835F-3AF8-4063-A784-80C69670307A}.Release|iPhone.ActiveCfg = Release|Any CPU
		{69B1835F-3AF8-4063-A784-80C69670307A}.Release|iPhone.Build.0 = Release|Any CPU
		{69B1835F-3AF8-4063-A784-80C69670307A}.Release|iPhoneSimulator.ActiveCfg = Release|Any CPU
		{69B1835F-3AF8-4063-A784-80C69670307A}.Release|iPhoneSimulator.Build.0 = Release|Any CPU
		{51E68BB1-AEC3-4FE3-BD81-D575206AF2A8}.Debug|Any CPU.ActiveCfg = Debug|Any CPU
		{51E68BB1-AEC3-4FE3-BD81-D575206AF2A8}.Debug|Any CPU.Build.0 = Debug|Any CPU
		{51E68BB1-AEC3-4FE3-BD81-D575206AF2A8}.Debug|iPhone.ActiveCfg = Debug|Any CPU
		{51E68BB1-AEC3-4FE3-BD81-D575206AF2A8}.Debug|iPhone.Build.0 = Debug|Any CPU
		{51E68BB1-AEC3-4FE3-BD81-D575206AF2A8}.Debug|iPhoneSimulator.ActiveCfg = Debug|Any CPU
		{51E68BB1-AEC3-4FE3-BD81-D575206AF2A8}.Debug|iPhoneSimulator.Build.0 = Debug|Any CPU
		{51E68BB1-AEC3-4FE3-BD81-D575206AF2A8}.Release|Any CPU.ActiveCfg = Release|Any CPU
		{51E68BB1-AEC3-4FE3-BD81-D575206AF2A8}.Release|Any CPU.Build.0 = Release|Any CPU
		{51E68BB1-AEC3-4FE3-BD81-D575206AF2A8}.Release|iPhone.ActiveCfg = Release|Any CPU
		{51E68BB1-AEC3-4FE3-BD81-D575206AF2A8}.Release|iPhone.Build.0 = Release|Any CPU
		{51E68BB1-AEC3-4FE3-BD81-D575206AF2A8}.Release|iPhoneSimulator.ActiveCfg = Release|Any CPU
		{51E68BB1-AEC3-4FE3-BD81-D575206AF2A8}.Release|iPhoneSimulator.Build.0 = Release|Any CPU
		{4D0A2B47-A4CD-4CDE-BF7B-767FEF8339E3}.Debug|Any CPU.ActiveCfg = Debug|Any CPU
		{4D0A2B47-A4CD-4CDE-BF7B-767FEF8339E3}.Debug|Any CPU.Build.0 = Debug|Any CPU
		{4D0A2B47-A4CD-4CDE-BF7B-767FEF8339E3}.Debug|iPhone.ActiveCfg = Debug|Any CPU
		{4D0A2B47-A4CD-4CDE-BF7B-767FEF8339E3}.Debug|iPhone.Build.0 = Debug|Any CPU
		{4D0A2B47-A4CD-4CDE-BF7B-767FEF8339E3}.Debug|iPhoneSimulator.ActiveCfg = Debug|Any CPU
		{4D0A2B47-A4CD-4CDE-BF7B-767FEF8339E3}.Debug|iPhoneSimulator.Build.0 = Debug|Any CPU
		{4D0A2B47-A4CD-4CDE-BF7B-767FEF8339E3}.Release|Any CPU.ActiveCfg = Release|Any CPU
		{4D0A2B47-A4CD-4CDE-BF7B-767FEF8339E3}.Release|Any CPU.Build.0 = Release|Any CPU
		{4D0A2B47-A4CD-4CDE-BF7B-767FEF8339E3}.Release|iPhone.ActiveCfg = Release|Any CPU
		{4D0A2B47-A4CD-4CDE-BF7B-767FEF8339E3}.Release|iPhone.Build.0 = Release|Any CPU
		{4D0A2B47-A4CD-4CDE-BF7B-767FEF8339E3}.Release|iPhoneSimulator.ActiveCfg = Release|Any CPU
		{4D0A2B47-A4CD-4CDE-BF7B-767FEF8339E3}.Release|iPhoneSimulator.Build.0 = Release|Any CPU
	EndGlobalSection
	GlobalSection(SolutionProperties) = preSolution
		HideSolutionNode = FALSE
	EndGlobalSection
	GlobalSection(NestedProjects) = preSolution
		{69B1835F-3AF8-4063-A784-80C69670307A} = {DA03E1C7-D0CF-493E-92D3-DEEE62EBD00B}
		{51E68BB1-AEC3-4FE3-BD81-D575206AF2A8} = {DA03E1C7-D0CF-493E-92D3-DEEE62EBD00B}
		{4D0A2B47-A4CD-4CDE-BF7B-767FEF8339E3} = {DA03E1C7-D0CF-493E-92D3-DEEE62EBD00B}
	EndGlobalSection
	GlobalSection(ExtensibilityGlobals) = postSolution
		SolutionGuid = {50ED8BAB-CF42-4617-83CE-935C6D12BA9B}
	EndGlobalSection
	GlobalSection(TeamFoundationVersionControl) = preSolution
		SccNumberOfProjects = 13
		SccEnterpriseProvider = {4CA58AB2-18FA-4F8D-95D4-32DDF27D184C}
		SccTeamFoundationServer = https://desarrolloitcgsa.visualstudio.com/
		SccLocalPath0 = .
		SccProjectUniqueName1 = ApiDatos\\ApiDatos.csproj
		SccProjectName1 = ApiDatos
		SccLocalPath1 = ApiDatos
		SccProjectUniqueName2 = ApiModels\\ApiModels.csproj
		SccProjectName2 = ApiModels
		SccLocalPath2 = ApiModels
		SccProjectUniqueName3 = BRBKApp.Android\\BRBKApp.Android.csproj
		SccProjectName3 = BRBKApp.Android
		SccLocalPath3 = BRBKApp.Android
		SccProjectUniqueName4 = BRBKApp.iOS\\BRBKApp.iOS.csproj
		SccProjectName4 = BRBKApp.iOS
		SccLocalPath4 = BRBKApp.iOS
		SccProjectUniqueName5 = BRBKApp\\BRBKApp.csproj
		SccProjectName5 = BRBKApp
		SccLocalPath5 = BRBKApp
		SccProjectUniqueName6 = ViewModel\\ViewModel.csproj
		SccProjectName6 = ViewModel
		SccLocalPath6 = ViewModel
		SccProjectUniqueName7 = BRBKWebApiData\\BRBKWebApiData.csproj
		SccProjectName7 = BRBKWebApiData
		SccLocalPath7 = BRBKWebApiData
		SccProjectUniqueName8 = BRBKWebApi\\BRBKWebApi.csproj
		SccProjectName8 = BRBKWebApi
		SccLocalPath8 = BRBKWebApi
		SccProjectUniqueName9 = SqlConexion\\SqlConexion.csproj
		SccProjectName9 = SqlConexion
		SccLocalPath9 = SqlConexion
		SccProjectUniqueName10 = AccesoDatos\\AccesoDatos.csproj
		SccProjectTopLevelParentUniqueName10 = BRBKApp.sln
		SccProjectName10 = AccesoDatos
		SccLocalPath10 = AccesoDatos
		SccProjectUniqueName11 = Configuraciones\\Configuraciones.csproj
		SccProjectTopLevelParentUniqueName11 = BRBKApp.sln
		SccProjectName11 = Configuraciones
		SccLocalPath11 = Configuraciones
		SccProjectUniqueName12 = N4Ws\\N4Ws.csproj
		SccProjectTopLevelParentUniqueName12 = BRBKApp.sln
		SccProjectName12 = N4Ws
		SccLocalPath12 = N4Ws
	EndGlobalSection
EndGlobal
